
Microsoft Visual Studio Solution File, Format Version 12.00
# Visual Studio 15
VisualStudioVersion = 15.0.27130.2036
MinimumVisualStudioVersion = 10.0.40219.1
Project("{FAE04EC0-301F-11D3-BF4B-00C04F79EFBC}") = "Biometria_ps", "Biometria_ps\Biometria_ps.csproj", "{1BC35FB7-AC45-4D26-8246-4092B230CB9D}"
EndProject
Global
	GlobalSection(SolutionConfigurationPlatforms) = preSolution
		Debug|Any CPU = Debug|Any CPU
		Release|Any CPU = Release|Any CPU
	EndGlobalSection
	GlobalSection(ProjectConfigurationPlatforms) = postSolution
		{1BC35FB7-AC45-4D26-8246-4092B230CB9D}.Debug|Any CPU.ActiveCfg = Debug|Any CPU
		{1BC35FB7-AC45-4D26-8246-4092B230CB9D}.Debug|Any CPU.Build.0 = Debug|Any CPU
		{1BC35FB7-AC45-4D26-8246-4092B230CB9D}.Release|Any CPU.ActiveCfg = Release|Any CPU
		{1BC35FB7-AC45-4D26-8246-4092B230CB9D}.Release|Any CPU.Build.0 = Release|Any CPU
	EndGlobalSection
	GlobalSection(SolutionProperties) = preSolution
		HideSolutionNode = FALSE
	EndGlobalSection
	GlobalSection(ExtensibilityGlobals) = postSolution
		SolutionGuid = {FD0A810E-385F-4971-A666-C4E7B4A7BA40}
	EndGlobalSection
EndGlobal
